
Microsoft Visual Studio Solution File, Format Version 11.00
# Visual Studio 2010
Project("{FAE04EC0-301F-11D3-BF4B-00C04F79EFBC}") = "APKO", "APKO\APKO.csproj", "{1D001D34-2372-4E3B-850E-B16949C4B85C}"
EndProject
Global
	GlobalSection(SolutionConfigurationPlatforms) = preSolution
		Debug|Any CPU = Debug|Any CPU
		Release|Any CPU = Release|Any CPU
	EndGlobalSection
	GlobalSection(ProjectConfigurationPlatforms) = postSolution
		{1D001D34-2372-4E3B-850E-B16949C4B85C}.Debug|Any CPU.ActiveCfg = Debug|Any CPU
		{1D001D34-2372-4E3B-850E-B16949C4B85C}.Debug|Any CPU.Build.0 = Debug|Any CPU
		{1D001D34-2372-4E3B-850E-B16949C4B85C}.Release|Any CPU.ActiveCfg = Release|Any CPU
		{1D001D34-2372-4E3B-850E-B16949C4B85C}.Release|Any CPU.Build.0 = Release|Any CPU
	EndGlobalSection
	GlobalSection(SolutionProperties) = preSolution
		HideSolutionNode = FALSE
	EndGlobalSection
	GlobalSection(ExtensibilityGlobals) = postSolution
		VisualSVNWorkingCopyRoot = .
	EndGlobalSection
EndGlobal
